
Microsoft Visual Studio Solution File, Format Version 12.00
# Visual Studio 15
Project("{FAE04EC0-301F-11D3-BF4B-00C04F79EFBC}") = "XeroDocumentIntaker", "XeroDocumentIntaker\XeroDocumentIntaker.csproj", "{CD8AB66E-5B5E-4ACF-AFAE-98FDA11FC367}"
EndProject
Project("{FAE04EC0-301F-11D3-BF4B-00C04F79EFBC}") = "XeroDocumentIntaker.tests", "XeroDocumentIntaker.tests\XeroDocumentIntaker.tests.csproj", "{2E9D56A9-FF60-48E9-BCCB-7EC31937C011}"
EndProject
Project("{2150E333-8FDC-42A3-9474-1A3956D46DE8}") = "Solution Items", "Solution Items", "{D9108C42-2FFF-4F3D-9A20-B47C17EB8D3D}"
	ProjectSection(SolutionItems) = preProject
		README.md = README.md
	EndProjectSection
EndProject
Global
	GlobalSection(SolutionConfigurationPlatforms) = preSolution
		Debug|Any CPU = Debug|Any CPU
		Release|Any CPU = Release|Any CPU
	EndGlobalSection
	GlobalSection(ProjectConfigurationPlatforms) = postSolution
		{CD8AB66E-5B5E-4ACF-AFAE-98FDA11FC367}.Debug|Any CPU.ActiveCfg = Debug|Any CPU
		{CD8AB66E-5B5E-4ACF-AFAE-98FDA11FC367}.Debug|Any CPU.Build.0 = Debug|Any CPU
		{CD8AB66E-5B5E-4ACF-AFAE-98FDA11FC367}.Release|Any CPU.ActiveCfg = Release|Any CPU
		{CD8AB66E-5B5E-4ACF-AFAE-98FDA11FC367}.Release|Any CPU.Build.0 = Release|Any CPU
		{2E9D56A9-FF60-48E9-BCCB-7EC31937C011}.Debug|Any CPU.ActiveCfg = Debug|Any CPU
		{2E9D56A9-FF60-48E9-BCCB-7EC31937C011}.Debug|Any CPU.Build.0 = Debug|Any CPU
		{2E9D56A9-FF60-48E9-BCCB-7EC31937C011}.Release|Any CPU.ActiveCfg = Release|Any CPU
		{2E9D56A9-FF60-48E9-BCCB-7EC31937C011}.Release|Any CPU.Build.0 = Release|Any CPU
	EndGlobalSection
EndGlobal
